
Microsoft Visual Studio Solution File, Format Version 12.00
Project("{FAE04EC0-301F-11D3-BF4B-00C04F79EFBC}") = "WhatsappChatStats", "WhatsappChatStats\WhatsappChatStats.csproj", "{9271835B-B5A8-439F-A90D-777D0474C30D}"
EndProject
Global
	GlobalSection(SolutionConfigurationPlatforms) = preSolution
		Debug|Any CPU = Debug|Any CPU
		Release|Any CPU = Release|Any CPU
	EndGlobalSection
	GlobalSection(ProjectConfigurationPlatforms) = postSolution
		{9271835B-B5A8-439F-A90D-777D0474C30D}.Debug|Any CPU.ActiveCfg = Debug|Any CPU
		{9271835B-B5A8-439F-A90D-777D0474C30D}.Debug|Any CPU.Build.0 = Debug|Any CPU
		{9271835B-B5A8-439F-A90D-777D0474C30D}.Release|Any CPU.ActiveCfg = Release|Any CPU
		{9271835B-B5A8-439F-A90D-777D0474C30D}.Release|Any CPU.Build.0 = Release|Any CPU
	EndGlobalSection
EndGlobal
